// !$*UTF8*$!
{
	archiveVersion = 1;
	classes = {
	};
	objectVersion = 50;
	objects = {

/* Begin PBXBuildFile section */
		BB77631123A1B26B00A31F75 /* AppDelegate.swift in Sources */ = {isa = PBXBuildFile; fileRef = BB77631023A1B26B00A31F75 /* AppDelegate.swift */; };
		BB77631323A1B26B00A31F75 /* SceneDelegate.swift in Sources */ = {isa = PBXBuildFile; fileRef = BB77631223A1B26B00A31F75 /* SceneDelegate.swift */; };
		BB77631523A1B26B00A31F75 /* FirstViewController.swift in Sources */ = {isa = PBXBuildFile; fileRef = BB77631423A1B26B00A31F75 /* FirstViewController.swift */; };
		BB77631723A1B26B00A31F75 /* SecondViewController.swift in Sources */ = {isa = PBXBuildFile; fileRef = BB77631623A1B26B00A31F75 /* SecondViewController.swift */; };
		BB77631A23A1B26B00A31F75 /* Main.storyboard in Resources */ = {isa = PBXBuildFile; fileRef = BB77631823A1B26B00A31F75 /* Main.storyboard */; };
		BB77631C23A1B26C00A31F75 /* Assets.xcassets in Resources */ = {isa = PBXBuildFile; fileRef = BB77631B23A1B26C00A31F75 /* Assets.xcassets */; };
		BB77631F23A1B26C00A31F75 /* LaunchScreen.storyboard in Resources */ = {isa = PBXBuildFile; fileRef = BB77631D23A1B26C00A31F75 /* LaunchScreen.storyboard */; };
		BB77632A23A1B26C00A31F75 /* SafeWalkTests.swift in Sources */ = {isa = PBXBuildFile; fileRef = BB77632923A1B26C00A31F75 /* SafeWalkTests.swift */; };
		BB77633523A1B26C00A31F75 /* SafeWalkUITests.swift in Sources */ = {isa = PBXBuildFile; fileRef = BB77633423A1B26C00A31F75 /* SafeWalkUITests.swift */; };
		BB77634423A1B27A00A31F75 /* MapKit.framework in Frameworks */ = {isa = PBXBuildFile; fileRef = BB77634323A1B27A00A31F75 /* MapKit.framework */; };
/* End PBXBuildFile section */

/* Begin PBXContainerItemProxy section */
		BB77632623A1B26C00A31F75 /* PBXContainerItemProxy */ = {
			isa = PBXContainerItemProxy;
			containerPortal = BB77630523A1B26B00A31F75 /* Project object */;
			proxyType = 1;
			remoteGlobalIDString = BB77630C23A1B26B00A31F75;
			remoteInfo = SafeWalk;
		};
		BB77633123A1B26C00A31F75 /* PBXContainerItemProxy */ = {
			isa = PBXContainerItemProxy;
			containerPortal = BB77630523A1B26B00A31F75 /* Project object */;
			proxyType = 1;
			remoteGlobalIDString = BB77630C23A1B26B00A31F75;
			remoteInfo = SafeWalk;
		};
/* End PBXContainerItemProxy section */

/* Begin PBXFileReference section */
		BB77630D23A1B26B00A31F75 /* SafeWalk.app */ = {isa = PBXFileReference; explicitFileType = wrapper.application; includeInIndex = 0; path = SafeWalk.app; sourceTree = BUILT_PRODUCTS_DIR; };
		BB77631023A1B26B00A31F75 /* AppDelegate.swift */ = {isa = PBXFileReference; lastKnownFileType = sourcecode.swift; path = AppDelegate.swift; sourceTree = "<group>"; };
		BB77631223A1B26B00A31F75 /* SceneDelegate.swift */ = {isa = PBXFileReference; lastKnownFileType = sourcecode.swift; path = SceneDelegate.swift; sourceTree = "<group>"; };
		BB77631423A1B26B00A31F75 /* FirstViewController.swift */ = {isa = PBXFileReference; lastKnownFileType = sourcecode.swift; path = FirstViewController.swift; sourceTree = "<group>"; };
		BB77631623A1B26B00A31F75 /* SecondViewController.swift */ = {isa = PBXFileReference; lastKnownFileType = sourcecode.swift; path = SecondViewController.swift; sourceTree = "<group>"; };
		BB77631923A1B26B00A31F75 /* Base */ = {isa = PBXFileReference; lastKnownFileType = file.storyboard; name = Base; path = Base.lproj/Main.storyboard; sourceTree = "<group>"; };
		BB77631B23A1B26C00A31F75 /* Assets.xcassets */ = {isa = PBXFileReference; lastKnownFileType = folder.assetcatalog; path = Assets.xcassets; sourceTree = "<group>"; };
		BB77631E23A1B26C00A31F75 /* Base */ = {isa = PBXFileReference; lastKnownFileType = file.storyboard; name = Base; path = Base.lproj/LaunchScreen.storyboard; sourceTree = "<group>"; };
		BB77632023A1B26C00A31F75 /* Info.plist */ = {isa = PBXFileReference; lastKnownFileType = text.plist.xml; path = Info.plist; sourceTree = "<group>"; };
		BB77632523A1B26C00A31F75 /* SafeWalkTests.xctest */ = {isa = PBXFileReference; explicitFileType = wrapper.cfbundle; includeInIndex = 0; path = SafeWalkTests.xctest; sourceTree = BUILT_PRODUCTS_DIR; };
		BB77632923A1B26C00A31F75 /* SafeWalkTests.swift */ = {isa = PBXFileReference; lastKnownFileType = sourcecode.swift; path = SafeWalkTests.swift; sourceTree = "<group>"; };
		BB77632B23A1B26C00A31F75 /* Info.plist */ = {isa = PBXFileReference; lastKnownFileType = text.plist.xml; path = Info.plist; sourceTree = "<group>"; };
		BB77633023A1B26C00A31F75 /* SafeWalkUITests.xctest */ = {isa = PBXFileReference; explicitFileType = wrapper.cfbundle; includeInIndex = 0; path = SafeWalkUITests.xctest; sourceTree = BUILT_PRODUCTS_DIR; };
		BB77633423A1B26C00A31F75 /* SafeWalkUITests.swift */ = {isa = PBXFileReference; lastKnownFileType = sourcecode.swift; path = SafeWalkUITests.swift; sourceTree = "<group>"; };
		BB77633623A1B26C00A31F75 /* Info.plist */ = {isa = PBXFileReference; lastKnownFileType = text.plist.xml; path = Info.plist; sourceTree = "<group>"; };
		BB77634323A1B27A00A31F75 /* MapKit.framework */ = {isa = PBXFileReference; lastKnownFileType = wrapper.framework; name = MapKit.framework; path = System/Library/Frameworks/MapKit.framework; sourceTree = SDKROOT; };
/* End PBXFileReference section */

/* Begin PBXFrameworksBuildPhase section */
		BB77630A23A1B26B00A31F75 /* Frameworks */ = {
			isa = PBXFrameworksBuildPhase;
			buildActionMask = 2147483647;
			files = (
				BB77634423A1B27A00A31F75 /* MapKit.framework in Frameworks */,
			);
			runOnlyForDeploymentPostprocessing = 0;
		};
		BB77632223A1B26C00A31F75 /* Frameworks */ = {
			isa = PBXFrameworksBuildPhase;
			buildActionMask = 2147483647;
			files = (
			);
			runOnlyForDeploymentPostprocessing = 0;
		};
		BB77632D23A1B26C00A31F75 /* Frameworks */ = {
			isa = PBXFrameworksBuildPhase;
			buildActionMask = 2147483647;
			files = (
			);
			runOnlyForDeploymentPostprocessing = 0;
		};
/* End PBXFrameworksBuildPhase section */

/* Begin PBXGroup section */
		BB77630423A1B26B00A31F75 = {
			isa = PBXGroup;
			children = (
				BB77630F23A1B26B00A31F75 /* SafeWalk */,
				BB77632823A1B26C00A31F75 /* SafeWalkTests */,
				BB77633323A1B26C00A31F75 /* SafeWalkUITests */,
				BB77630E23A1B26B00A31F75 /* Products */,
				BB77634223A1B27A00A31F75 /* Frameworks */,
			);
			sourceTree = "<group>";
		};
		BB77630E23A1B26B00A31F75 /* Products */ = {
			isa = PBXGroup;
			children = (
				BB77630D23A1B26B00A31F75 /* SafeWalk.app */,
				BB77632523A1B26C00A31F75 /* SafeWalkTests.xctest */,
				BB77633023A1B26C00A31F75 /* SafeWalkUITests.xctest */,
			);
			name = Products;
			sourceTree = "<group>";
		};
		BB77630F23A1B26B00A31F75 /* SafeWalk */ = {
			isa = PBXGroup;
			children = (
				BB77631023A1B26B00A31F75 /* AppDelegate.swift */,
				BB77631223A1B26B00A31F75 /* SceneDelegate.swift */,
				BB77631423A1B26B00A31F75 /* FirstViewController.swift */,
				BB77631623A1B26B00A31F75 /* SecondViewController.swift */,
				BB77631823A1B26B00A31F75 /* Main.storyboard */,
				BB77631B23A1B26C00A31F75 /* Assets.xcassets */,
				BB77631D23A1B26C00A31F75 /* LaunchScreen.storyboard */,
				BB77632023A1B26C00A31F75 /* Info.plist */,
			);
			path = SafeWalk;
			sourceTree = "<group>";
		};
		BB77632823A1B26C00A31F75 /* SafeWalkTests */ = {
			isa = PBXGroup;
			children = (
				BB77632923A1B26C00A31F75 /* SafeWalkTests.swift */,
				BB77632B23A1B26C00A31F75 /* Info.plist */,
			);
			path = SafeWalkTests;
			sourceTree = "<group>";
		};
		BB77633323A1B26C00A31F75 /* SafeWalkUITests */ = {
			isa = PBXGroup;
			children = (
				BB77633423A1B26C00A31F75 /* SafeWalkUITests.swift */,
				BB77633623A1B26C00A31F75 /* Info.plist */,
			);
			path = SafeWalkUITests;
			sourceTree = "<group>";
		};
		BB77634223A1B27A00A31F75 /* Frameworks */ = {
			isa = PBXGroup;
			children = (
				BB77634323A1B27A00A31F75 /* MapKit.framework */,
			);
			name = Frameworks;
			sourceTree = "<group>";
		};
/* End PBXGroup section */

/* Begin PBXNativeTarget section */
		BB77630C23A1B26B00A31F75 /* SafeWalk */ = {
			isa = PBXNativeTarget;
			buildConfigurationList = BB77633923A1B26C00A31F75 /* Build configuration list for PBXNativeTarget "SafeWalk" */;
			buildPhases = (
				BB77630923A1B26B00A31F75 /* Sources */,
				BB77630A23A1B26B00A31F75 /* Frameworks */,
				BB77630B23A1B26B00A31F75 /* Resources */,
			);
			buildRules = (
			);
			dependencies = (
			);
			name = SafeWalk;
			productName = SafeWalk;
			productReference = BB77630D23A1B26B00A31F75 /* SafeWalk.app */;
			productType = "com.apple.product-type.application";
		};
		BB77632423A1B26C00A31F75 /* SafeWalkTests */ = {
			isa = PBXNativeTarget;
			buildConfigurationList = BB77633C23A1B26C00A31F75 /* Build configuration list for PBXNativeTarget "SafeWalkTests" */;
			buildPhases = (
				BB77632123A1B26C00A31F75 /* Sources */,
				BB77632223A1B26C00A31F75 /* Frameworks */,
				BB77632323A1B26C00A31F75 /* Resources */,
			);
			buildRules = (
			);
			dependencies = (
				BB77632723A1B26C00A31F75 /* PBXTargetDependency */,
			);
			name = SafeWalkTests;
			productName = SafeWalkTests;
			productReference = BB77632523A1B26C00A31F75 /* SafeWalkTests.xctest */;
			productType = "com.apple.product-type.bundle.unit-test";
		};
		BB77632F23A1B26C00A31F75 /* SafeWalkUITests */ = {
			isa = PBXNativeTarget;
			buildConfigurationList = BB77633F23A1B26C00A31F75 /* Build configuration list for PBXNativeTarget "SafeWalkUITests" */;
			buildPhases = (
				BB77632C23A1B26C00A31F75 /* Sources */,
				BB77632D23A1B26C00A31F75 /* Frameworks */,
				BB77632E23A1B26C00A31F75 /* Resources */,
			);
			buildRules = (
			);
			dependencies = (
				BB77633223A1B26C00A31F75 /* PBXTargetDependency */,
			);
			name = SafeWalkUITests;
			productName = SafeWalkUITests;
			productReference = BB77633023A1B26C00A31F75 /* SafeWalkUITests.xctest */;
			productType = "com.apple.product-type.bundle.ui-testing";
		};
/* End PBXNativeTarget section */

/* Begin PBXProject section */
		BB77630523A1B26B00A31F75 /* Project object */ = {
			isa = PBXProject;
			attributes = {
				LastSwiftUpdateCheck = 1120;
				LastUpgradeCheck = 1120;
				ORGANIZATIONNAME = "Byron Mitchell";
				TargetAttributes = {
					BB77630C23A1B26B00A31F75 = {
						CreatedOnToolsVersion = 11.2.1;
					};
					BB77632423A1B26C00A31F75 = {
						CreatedOnToolsVersion = 11.2.1;
						TestTargetID = BB77630C23A1B26B00A31F75;
					};
					BB77632F23A1B26C00A31F75 = {
						CreatedOnToolsVersion = 11.2.1;
						TestTargetID = BB77630C23A1B26B00A31F75;
					};
				};
			};
			buildConfigurationList = BB77630823A1B26B00A31F75 /* Build configuration list for PBXProject "SafeWalk" */;
			compatibilityVersion = "Xcode 9.3";
			developmentRegion = en;
			hasScannedForEncodings = 0;
			knownRegions = (
				en,
				Base,
			);
			mainGroup = BB77630423A1B26B00A31F75;
			productRefGroup = BB77630E23A1B26B00A31F75 /* Products */;
			projectDirPath = "";
			projectRoot = "";
			targets = (
				BB77630C23A1B26B00A31F75 /* SafeWalk */,
				BB77632423A1B26C00A31F75 /* SafeWalkTests */,
				BB77632F23A1B26C00A31F75 /* SafeWalkUITests */,
			);
		};
/* End PBXProject section */

/* Begin PBXResourcesBuildPhase section */
		BB77630B23A1B26B00A31F75 /* Resources */ = {
			isa = PBXResourcesBuildPhase;
			buildActionMask = 2147483647;
			files = (
				BB77631F23A1B26C00A31F75 /* LaunchScreen.storyboard in Resources */,
				BB77631C23A1B26C00A31F75 /* Assets.xcassets in Resources */,
				BB77631A23A1B26B00A31F75 /* Main.storyboard in Resources */,
			);
			runOnlyForDeploymentPostprocessing = 0;
		};
		BB77632323A1B26C00A31F75 /* Resources */ = {
			isa = PBXResourcesBuildPhase;
			buildActionMask = 2147483647;
			files = (
			);
			runOnlyForDeploymentPostprocessing = 0;
		};
		BB77632E23A1B26C00A31F75 /* Resources */ = {
			isa = PBXResourcesBuildPhase;
			buildActionMask = 2147483647;
			files = (
			);
			runOnlyForDeploymentPostprocessing = 0;
		};
/* End PBXResourcesBuildPhase section */

/* Begin PBXSourcesBuildPhase section */
		BB77630923A1B26B00A31F75 /* Sources */ = {
			isa = PBXSourcesBuildPhase;
			buildActionMask = 2147483647;
			files = (
				BB77631723A1B26B00A31F75 /* SecondViewController.swift in Sources */,
				BB77631523A1B26B00A31F75 /* FirstViewController.swift in Sources */,
				BB77631123A1B26B00A31F75 /* AppDelegate.swift in Sources */,
				BB77631323A1B26B00A31F75 /* SceneDelegate.swift in Sources */,
			);
			runOnlyForDeploymentPostprocessing = 0;
		};
		BB77632123A1B26C00A31F75 /* Sources */ = {
			isa = PBXSourcesBuildPhase;
			buildActionMask = 2147483647;
			files = (
				BB77632A23A1B26C00A31F75 /* SafeWalkTests.swift in Sources */,
			);
			runOnlyForDeploymentPostprocessing = 0;
		};
		BB77632C23A1B26C00A31F75 /* Sources */ = {
			isa = PBXSourcesBuildPhase;
			buildActionMask = 2147483647;
			files = (
				BB77633523A1B26C00A31F75 /* SafeWalkUITests.swift in Sources */,
			);
			runOnlyForDeploymentPostprocessing = 0;
		};
/* End PBXSourcesBuildPhase section */

/* Begin PBXTargetDependency section */
		BB77632723A1B26C00A31F75 /* PBXTargetDependency */ = {
			isa = PBXTargetDependency;
			target = BB77630C23A1B26B00A31F75 /* SafeWalk */;
			targetProxy = BB77632623A1B26C00A31F75 /* PBXContainerItemProxy */;
		};
		BB77633223A1B26C00A31F75 /* PBXTargetDependency */ = {
			isa = PBXTargetDependency;
			target = BB77630C23A1B26B00A31F75 /* SafeWalk */;
			targetProxy = BB77633123A1B26C00A31F75 /* PBXContainerItemProxy */;
		};
/* End PBXTargetDependency section */

/* Begin PBXVariantGroup section */
		BB77631823A1B26B00A31F75 /* Main.storyboard */ = {
			isa = PBXVariantGroup;
			children = (
				BB77631923A1B26B00A31F75 /* Base */,
			);
			name = Main.storyboard;
			sourceTree = "<group>";
		};
		BB77631D23A1B26C00A31F75 /* LaunchScreen.storyboard */ = {
			isa = PBXVariantGroup;
			children = (
				BB77631E23A1B26C00A31F75 /* Base */,
			);
			name = LaunchScreen.storyboard;
			sourceTree = "<group>";
		};
/* End PBXVariantGroup section */

/* Begin XCBuildConfiguration section */
		BB77633723A1B26C00A31F75 /* Debug */ = {
			isa = XCBuildConfiguration;
			buildSettings = {
				ALWAYS_SEARCH_USER_PATHS = NO;
				CLANG_ANALYZER_NONNULL = YES;
				CLANG_ANALYZER_NUMBER_OBJECT_CONVERSION = YES_AGGRESSIVE;
				CLANG_CXX_LANGUAGE_STANDARD = "gnu++14";
				CLANG_CXX_LIBRARY = "libc++";
				CLANG_ENABLE_MODULES = YES;
				CLANG_ENABLE_OBJC_ARC = YES;
				CLANG_ENABLE_OBJC_WEAK = YES;
				CLANG_WARN_BLOCK_CAPTURE_AUTORELEASING = YES;
				CLANG_WARN_BOOL_CONVERSION = YES;
				CLANG_WARN_COMMA = YES;
				CLANG_WARN_CONSTANT_CONVERSION = YES;
				CLANG_WARN_DEPRECATED_OBJC_IMPLEMENTATIONS = YES;
				CLANG_WARN_DIRECT_OBJC_ISA_USAGE = YES_ERROR;
				CLANG_WARN_DOCUMENTATION_COMMENTS = YES;
				CLANG_WARN_EMPTY_BODY = YES;
				CLANG_WARN_ENUM_CONVERSION = YES;
				CLANG_WARN_INFINITE_RECURSION = YES;
				CLANG_WARN_INT_CONVERSION = YES;
				CLANG_WARN_NON_LITERAL_NULL_CONVERSION = YES;
				CLANG_WARN_OBJC_IMPLICIT_RETAIN_SELF = YES;
				CLANG_WARN_OBJC_LITERAL_CONVERSION = YES;
				CLANG_WARN_OBJC_ROOT_CLASS = YES_ERROR;
				CLANG_WARN_RANGE_LOOP_ANALYSIS = YES;
				CLANG_WARN_STRICT_PROTOTYPES = YES;
				CLANG_WARN_SUSPICIOUS_MOVE = YES;
				CLANG_WARN_UNGUARDED_AVAILABILITY = YES_AGGRESSIVE;
				CLANG_WARN_UNREACHABLE_CODE = YES;
				CLANG_WARN__DUPLICATE_METHOD_MATCH = YES;
				COPY_PHASE_STRIP = NO;
				DEBUG_INFORMATION_FORMAT = dwarf;
				ENABLE_STRICT_OBJC_MSGSEND = YES;
				ENABLE_TESTABILITY = YES;
				GCC_C_LANGUAGE_STANDARD = gnu11;
				GCC_DYNAMIC_NO_PIC = NO;
				GCC_NO_COMMON_BLOCKS = YES;
				GCC_OPTIMIZATION_LEVEL = 0;
				GCC_PREPROCESSOR_DEFINITIONS = (
					"DEBUG=1",
					"$(inherited)",
				);
				GCC_WARN_64_TO_32_BIT_CONVERSION = YES;
				GCC_WARN_ABOUT_RETURN_TYPE = YES_ERROR;
				GCC_WARN_UNDECLARED_SELECTOR = YES;
				GCC_WARN_UNINITIALIZED_AUTOS = YES_AGGRESSIVE;
				GCC_WARN_UNUSED_FUNCTION = YES;
				GCC_WARN_UNUSED_VARIABLE = YES;
				IPHONEOS_DEPLOYMENT_TARGET = 13.2;
				MTL_ENABLE_DEBUG_INFO = INCLUDE_SOURCE;
				MTL_FAST_MATH = YES;
				ONLY_ACTIVE_ARCH = YES;
				SDKROOT = iphoneos;
				SWIFT_ACTIVE_COMPILATION_CONDITIONS = DEBUG;
				SWIFT_OPTIMIZATION_LEVEL = "-Onone";
			};
			name = Debug;
		};
		BB77633823A1B26C00A31F75 /* Release */ = {
			isa = XCBuildConfiguration;
			buildSettings = {
				ALWAYS_SEARCH_USER_PATHS = NO;
				CLANG_ANALYZER_NONNULL = YES;
				CLANG_ANALYZER_NUMBER_OBJECT_CONVERSION = YES_AGGRESSIVE;
				CLANG_CXX_LANGUAGE_STANDARD = "gnu++14";
				CLANG_CXX_LIBRARY = "libc++";
				CLANG_ENABLE_MODULES = YES;
				CLANG_ENABLE_OBJC_ARC = YES;
				CLANG_ENABLE_OBJC_WEAK = YES;
				CLANG_WARN_BLOCK_CAPTURE_AUTORELEASING = YES;
				CLANG_WARN_BOOL_CONVERSION = YES;
				CLANG_WARN_COMMA = YES;
				CLANG_WARN_CONSTANT_CONVERSION = YES;
				CLANG_WARN_DEPRECATED_OBJC_IMPLEMENTATIONS = YES;
				CLANG_WARN_DIRECT_OBJC_ISA_USAGE = YES_ERROR;
				CLANG_WARN_DOCUMENTATION_COMMENTS = YES;
				CLANG_WARN_EMPTY_BODY = YES;
				CLANG_WARN_ENUM_CONVERSION = YES;
				CLANG_WARN_INFINITE_RECURSION = YES;
				CLANG_WARN_INT_CONVERSION = YES;
				CLANG_WARN_NON_LITERAL_NULL_CONVERSION = YES;
				CLANG_WARN_OBJC_IMPLICIT_RETAIN_SELF = YES;
				CLANG_WARN_OBJC_LITERAL_CONVERSION = YES;
				CLANG_WARN_OBJC_ROOT_CLASS = YES_ERROR;
				CLANG_WARN_RANGE_LOOP_ANALYSIS = YES;
				CLANG_WARN_STRICT_PROTOTYPES = YES;
				CLANG_WARN_SUSPICIOUS_MOVE = YES;
				CLANG_WARN_UNGUARDED_AVAILABILITY = YES_AGGRESSIVE;
				CLANG_WARN_UNREACHABLE_CODE = YES;
				CLANG_WARN__DUPLICATE_METHOD_MATCH = YES;
				COPY_PHASE_STRIP = NO;
				DEBUG_INFORMATION_FORMAT = "dwarf-with-dsym";
				ENABLE_NS_ASSERTIONS = NO;
				ENABLE_STRICT_OBJC_MSGSEND = YES;
				GCC_C_LANGUAGE_STANDARD = gnu11;
				GCC_NO_COMMON_BLOCKS = YES;
				GCC_WARN_64_TO_32_BIT_CONVERSION = YES;
				GCC_WARN_ABOUT_RETURN_TYPE = YES_ERROR;
				GCC_WARN_UNDECLARED_SELECTOR = YES;
				GCC_WARN_UNINITIALIZED_AUTOS = YES_AGGRESSIVE;
				GCC_WARN_UNUSED_FUNCTION = YES;
				GCC_WARN_UNUSED_VARIABLE = YES;
				IPHONEOS_DEPLOYMENT_TARGET = 13.2;
				MTL_ENABLE_DEBUG_INFO = NO;
				MTL_FAST_MATH = YES;
				SDKROOT = iphoneos;
				SWIFT_COMPILATION_MODE = wholemodule;
				SWIFT_OPTIMIZATION_LEVEL = "-O";
				VALIDATE_PRODUCT = YES;
			};
			name = Release;
		};
		BB77633A23A1B26C00A31F75 /* Debug */ = {
			isa = XCBuildConfiguration;
			buildSettings = {
				ASSETCATALOG_COMPILER_APPICON_NAME = AppIcon;
				CODE_SIGN_STYLE = Automatic;
				DEVELOPMENT_TEAM = 4W5JGR47Q6;
				INFOPLIST_FILE = SafeWalk/Info.plist;
				LD_RUNPATH_SEARCH_PATHS = (
					"$(inherited)",
					"@executable_path/Frameworks",
				);
				PRODUCT_BUNDLE_IDENTIFIER = "Samantha-Puterman.SafeWalk";
				PRODUCT_NAME = "$(TARGET_NAME)";
				SWIFT_VERSION = 5.0;
				TARGETED_DEVICE_FAMILY = "1,2";
			};
			name = Debug;
		};
		BB77633B23A1B26C00A31F75 /* Release */ = {
			isa = XCBuildConfiguration;
			buildSettings = {
				ASSETCATALOG_COMPILER_APPICON_NAME = AppIcon;
				CODE_SIGN_STYLE = Automatic;
				DEVELOPMENT_TEAM = 4W5JGR47Q6;
				INFOPLIST_FILE = SafeWalk/Info.plist;
				LD_RUNPATH_SEARCH_PATHS = (
					"$(inherited)",
					"@executable_path/Frameworks",
				);
				PRODUCT_BUNDLE_IDENTIFIER = "Samantha-Puterman.SafeWalk";
				PRODUCT_NAME = "$(TARGET_NAME)";
				SWIFT_VERSION = 5.0;
				TARGETED_DEVICE_FAMILY = "1,2";
			};
			name = Release;
		};
		BB77633D23A1B26C00A31F75 /* Debug */ = {
			isa = XCBuildConfiguration;
			buildSettings = {
				ALWAYS_EMBED_SWIFT_STANDARD_LIBRARIES = YES;
				BUNDLE_LOADER = "$(TEST_HOST)";
				CODE_SIGN_STYLE = Automatic;
				DEVELOPMENT_TEAM = 9N8TV7Q5Q6;
				INFOPLIST_FILE = SafeWalkTests/Info.plist;
				IPHONEOS_DEPLOYMENT_TARGET = 13.2;
				LD_RUNPATH_SEARCH_PATHS = (
					"$(inherited)",
					"@executable_path/Frameworks",
					"@loader_path/Frameworks",
				);
				PRODUCT_BUNDLE_IDENTIFIER = "Byron-Mitchell.SafeWalkTests";
				PRODUCT_NAME = "$(TARGET_NAME)";
				SWIFT_VERSION = 5.0;
				TARGETED_DEVICE_FAMILY = "1,2";
				TEST_HOST = "$(BUILT_PRODUCTS_DIR)/SafeWalk.app/SafeWalk";
			};
			name = Debug;
		};
		BB77633E23A1B26C00A31F75 /* Release */ = {
			isa = XCBuildConfiguration;
			buildSettings = {
				ALWAYS_EMBED_SWIFT_STANDARD_LIBRARIES = YES;
				BUNDLE_LOADER = "$(TEST_HOST)";
				CODE_SIGN_STYLE = Automatic;
				DEVELOPMENT_TEAM = 9N8TV7Q5Q6;
				INFOPLIST_FILE = SafeWalkTests/Info.plist;
				IPHONEOS_DEPLOYMENT_TARGET = 13.2;
				LD_RUNPATH_SEARCH_PATHS = (
					"$(inherited)",
					"@executable_path/Frameworks",
					"@loader_path/Frameworks",
				);
				PRODUCT_BUNDLE_IDENTIFIER = "Byron-Mitchell.SafeWalkTests";
				PRODUCT_NAME = "$(TARGET_NAME)";
				SWIFT_VERSION = 5.0;
				TARGETED_DEVICE_FAMILY = "1,2";
				TEST_HOST = "$(BUILT_PRODUCTS_DIR)/SafeWalk.app/SafeWalk";
			};
			name = Release;
		};
		BB77634023A1B26C00A31F75 /* Debug */ = {
			isa = XCBuildConfiguration;
			buildSettings = {
				ALWAYS_EMBED_SWIFT_STANDARD_LIBRARIES = YES;
				CODE_SIGN_STYLE = Automatic;
				DEVELOPMENT_TEAM = 9N8TV7Q5Q6;
				INFOPLIST_FILE = SafeWalkUITests/Info.plist;
				LD_RUNPATH_SEARCH_PATHS = (
					"$(inherited)",
					"@executable_path/Frameworks",
					"@loader_path/Frameworks",
				);
				PRODUCT_BUNDLE_IDENTIFIER = "Byron-Mitchell.SafeWalkUITests";
				PRODUCT_NAME = "$(TARGET_NAME)";
				SWIFT_VERSION = 5.0;
				TARGETED_DEVICE_FAMILY = "1,2";
				TEST_TARGET_NAME = SafeWalk;
			};
			name = Debug;
		};
		BB77634123A1B26C00A31F75 /* Release */ = {
			isa = XCBuildConfiguration;
			buildSettings = {
				ALWAYS_EMBED_SWIFT_STANDARD_LIBRARIES = YES;
				CODE_SIGN_STYLE = Automatic;
				DEVELOPMENT_TEAM = 9N8TV7Q5Q6;
				INFOPLIST_FILE = SafeWalkUITests/Info.plist;
				LD_RUNPATH_SEARCH_PATHS = (
					"$(inherited)",
					"@executable_path/Frameworks",
					"@loader_path/Frameworks",
				);
				PRODUCT_BUNDLE_IDENTIFIER = "Byron-Mitchell.SafeWalkUITests";
				PRODUCT_NAME = "$(TARGET_NAME)";
				SWIFT_VERSION = 5.0;
				TARGETED_DEVICE_FAMILY = "1,2";
				TEST_TARGET_NAME = SafeWalk;
			};
			name = Release;
		};
/* End XCBuildConfiguration section */

/* Begin XCConfigurationList section */
		BB77630823A1B26B00A31F75 /* Build configuration list for PBXProject "SafeWalk" */ = {
			isa = XCConfigurationList;
			buildConfigurations = (
				BB77633723A1B26C00A31F75 /* Debug */,
				BB77633823A1B26C00A31F75 /* Release */,
			);
			defaultConfigurationIsVisible = 0;
			defaultConfigurationName = Release;
		};
		BB77633923A1B26C00A31F75 /* Build configuration list for PBXNativeTarget "SafeWalk" */ = {
			isa = XCConfigurationList;
			buildConfigurations = (
				BB77633A23A1B26C00A31F75 /* Debug */,
				BB77633B23A1B26C00A31F75 /* Release */,
			);
			defaultConfigurationIsVisible = 0;
			defaultConfigurationName = Release;
		};
		BB77633C23A1B26C00A31F75 /* Build configuration list for PBXNativeTarget "SafeWalkTests" */ = {
			isa = XCConfigurationList;
			buildConfigurations = (
				BB77633D23A1B26C00A31F75 /* Debug */,
				BB77633E23A1B26C00A31F75 /* Release */,
			);
			defaultConfigurationIsVisible = 0;
			defaultConfigurationName = Release;
		};
		BB77633F23A1B26C00A31F75 /* Build configuration list for PBXNativeTarget "SafeWalkUITests" */ = {
			isa = XCConfigurationList;
			buildConfigurations = (
				BB77634023A1B26C00A31F75 /* Debug */,
				BB77634123A1B26C00A31F75 /* Release */,
			);
			defaultConfigurationIsVisible = 0;
			defaultConfigurationName = Release;
		};
/* End XCConfigurationList section */
	};
	rootObject = BB77630523A1B26B00A31F75 /* Project object */;
}
