// !$*UTF8*$!
{
	archiveVersion = 1;
	classes = {
	};
	objectVersion = 50;
	objects = {

/* Begin PBXBuildFile section */
		B792ABD1239C162D00CC00A5 /* AppDelegate.swift in Sources */ = {isa = PBXBuildFile; fileRef = B792ABD0239C162D00CC00A5 /* AppDelegate.swift */; };
		B792ABD3239C162D00CC00A5 /* SceneDelegate.swift in Sources */ = {isa = PBXBuildFile; fileRef = B792ABD2239C162D00CC00A5 /* SceneDelegate.swift */; };
		B792ABD5239C162D00CC00A5 /* ContentView.swift in Sources */ = {isa = PBXBuildFile; fileRef = B792ABD4239C162D00CC00A5 /* ContentView.swift */; };
		B792ABD7239C162F00CC00A5 /* Assets.xcassets in Resources */ = {isa = PBXBuildFile; fileRef = B792ABD6239C162F00CC00A5 /* Assets.xcassets */; };
		B792ABDA239C162F00CC00A5 /* Preview Assets.xcassets in Resources */ = {isa = PBXBuildFile; fileRef = B792ABD9239C162F00CC00A5 /* Preview Assets.xcassets */; };
		B792ABDD239C162F00CC00A5 /* LaunchScreen.storyboard in Resources */ = {isa = PBXBuildFile; fileRef = B792ABDB239C162F00CC00A5 /* LaunchScreen.storyboard */; };
		B792ABE8239C163000CC00A5 /* SafeAppTests.swift in Sources */ = {isa = PBXBuildFile; fileRef = B792ABE7239C163000CC00A5 /* SafeAppTests.swift */; };
		B792ABF3239C163000CC00A5 /* SafeAppUITests.swift in Sources */ = {isa = PBXBuildFile; fileRef = B792ABF2239C163000CC00A5 /* SafeAppUITests.swift */; };
/* End PBXBuildFile section */

/* Begin PBXContainerItemProxy section */
		B792ABE4239C163000CC00A5 /* PBXContainerItemProxy */ = {
			isa = PBXContainerItemProxy;
			containerPortal = B792ABC5239C162C00CC00A5 /* Project object */;
			proxyType = 1;
			remoteGlobalIDString = B792ABCC239C162D00CC00A5;
			remoteInfo = SafeApp;
		};
		B792ABEF239C163000CC00A5 /* PBXContainerItemProxy */ = {
			isa = PBXContainerItemProxy;
			containerPortal = B792ABC5239C162C00CC00A5 /* Project object */;
			proxyType = 1;
			remoteGlobalIDString = B792ABCC239C162D00CC00A5;
			remoteInfo = SafeApp;
		};
/* End PBXContainerItemProxy section */

/* Begin PBXFileReference section */
		B792ABCD239C162D00CC00A5 /* SafeApp.app */ = {isa = PBXFileReference; explicitFileType = wrapper.application; includeInIndex = 0; path = SafeApp.app; sourceTree = BUILT_PRODUCTS_DIR; };
		B792ABD0239C162D00CC00A5 /* AppDelegate.swift */ = {isa = PBXFileReference; lastKnownFileType = sourcecode.swift; path = AppDelegate.swift; sourceTree = "<group>"; };
		B792ABD2239C162D00CC00A5 /* SceneDelegate.swift */ = {isa = PBXFileReference; lastKnownFileType = sourcecode.swift; path = SceneDelegate.swift; sourceTree = "<group>"; };
		B792ABD4239C162D00CC00A5 /* ContentView.swift */ = {isa = PBXFileReference; lastKnownFileType = sourcecode.swift; path = ContentView.swift; sourceTree = "<group>"; };
		B792ABD6239C162F00CC00A5 /* Assets.xcassets */ = {isa = PBXFileReference; lastKnownFileType = folder.assetcatalog; path = Assets.xcassets; sourceTree = "<group>"; };
		B792ABD9239C162F00CC00A5 /* Preview Assets.xcassets */ = {isa = PBXFileReference; lastKnownFileType = folder.assetcatalog; path = "Preview Assets.xcassets"; sourceTree = "<group>"; };
		B792ABDC239C162F00CC00A5 /* Base */ = {isa = PBXFileReference; lastKnownFileType = file.storyboard; name = Base; path = Base.lproj/LaunchScreen.storyboard; sourceTree = "<group>"; };
		B792ABDE239C163000CC00A5 /* Info.plist */ = {isa = PBXFileReference; lastKnownFileType = text.plist.xml; path = Info.plist; sourceTree = "<group>"; };
		B792ABE3239C163000CC00A5 /* SafeAppTests.xctest */ = {isa = PBXFileReference; explicitFileType = wrapper.cfbundle; includeInIndex = 0; path = SafeAppTests.xctest; sourceTree = BUILT_PRODUCTS_DIR; };
		B792ABE7239C163000CC00A5 /* SafeAppTests.swift */ = {isa = PBXFileReference; lastKnownFileType = sourcecode.swift; path = SafeAppTests.swift; sourceTree = "<group>"; };
		B792ABE9239C163000CC00A5 /* Info.plist */ = {isa = PBXFileReference; lastKnownFileType = text.plist.xml; path = Info.plist; sourceTree = "<group>"; };
		B792ABEE239C163000CC00A5 /* SafeAppUITests.xctest */ = {isa = PBXFileReference; explicitFileType = wrapper.cfbundle; includeInIndex = 0; path = SafeAppUITests.xctest; sourceTree = BUILT_PRODUCTS_DIR; };
		B792ABF2239C163000CC00A5 /* SafeAppUITests.swift */ = {isa = PBXFileReference; lastKnownFileType = sourcecode.swift; path = SafeAppUITests.swift; sourceTree = "<group>"; };
		B792ABF4239C163000CC00A5 /* Info.plist */ = {isa = PBXFileReference; lastKnownFileType = text.plist.xml; path = Info.plist; sourceTree = "<group>"; };
/* End PBXFileReference section */

/* Begin PBXFrameworksBuildPhase section */
		B792ABCA239C162D00CC00A5 /* Frameworks */ = {
			isa = PBXFrameworksBuildPhase;
			buildActionMask = 2147483647;
			files = (
			);
			runOnlyForDeploymentPostprocessing = 0;
		};
		B792ABE0239C163000CC00A5 /* Frameworks */ = {
			isa = PBXFrameworksBuildPhase;
			buildActionMask = 2147483647;
			files = (
			);
			runOnlyForDeploymentPostprocessing = 0;
		};
		B792ABEB239C163000CC00A5 /* Frameworks */ = {
			isa = PBXFrameworksBuildPhase;
			buildActionMask = 2147483647;
			files = (
			);
			runOnlyForDeploymentPostprocessing = 0;
		};
/* End PBXFrameworksBuildPhase section */

/* Begin PBXGroup section */
		B792ABC4239C162C00CC00A5 = {
			isa = PBXGroup;
			children = (
				B792ABCF239C162D00CC00A5 /* SafeApp */,
				B792ABE6239C163000CC00A5 /* SafeAppTests */,
				B792ABF1239C163000CC00A5 /* SafeAppUITests */,
				B792ABCE239C162D00CC00A5 /* Products */,
			);
			sourceTree = "<group>";
		};
		B792ABCE239C162D00CC00A5 /* Products */ = {
			isa = PBXGroup;
			children = (
				B792ABCD239C162D00CC00A5 /* SafeApp.app */,
				B792ABE3239C163000CC00A5 /* SafeAppTests.xctest */,
				B792ABEE239C163000CC00A5 /* SafeAppUITests.xctest */,
			);
			name = Products;
			sourceTree = "<group>";
		};
		B792ABCF239C162D00CC00A5 /* SafeApp */ = {
			isa = PBXGroup;
			children = (
				B792ABD0239C162D00CC00A5 /* AppDelegate.swift */,
				B792ABD2239C162D00CC00A5 /* SceneDelegate.swift */,
				B792ABD4239C162D00CC00A5 /* ContentView.swift */,
				B792ABD6239C162F00CC00A5 /* Assets.xcassets */,
				B792ABDB239C162F00CC00A5 /* LaunchScreen.storyboard */,
				B792ABDE239C163000CC00A5 /* Info.plist */,
				B792ABD8239C162F00CC00A5 /* Preview Content */,
			);
			path = SafeApp;
			sourceTree = "<group>";
		};
		B792ABD8239C162F00CC00A5 /* Preview Content */ = {
			isa = PBXGroup;
			children = (
				B792ABD9239C162F00CC00A5 /* Preview Assets.xcassets */,
			);
			path = "Preview Content";
			sourceTree = "<group>";
		};
		B792ABE6239C163000CC00A5 /* SafeAppTests */ = {
			isa = PBXGroup;
			children = (
				B792ABE7239C163000CC00A5 /* SafeAppTests.swift */,
				B792ABE9239C163000CC00A5 /* Info.plist */,
			);
			path = SafeAppTests;
			sourceTree = "<group>";
		};
		B792ABF1239C163000CC00A5 /* SafeAppUITests */ = {
			isa = PBXGroup;
			children = (
				B792ABF2239C163000CC00A5 /* SafeAppUITests.swift */,
				B792ABF4239C163000CC00A5 /* Info.plist */,
			);
			path = SafeAppUITests;
			sourceTree = "<group>";
		};
/* End PBXGroup section */

/* Begin PBXNativeTarget section */
		B792ABCC239C162D00CC00A5 /* SafeApp */ = {
			isa = PBXNativeTarget;
			buildConfigurationList = B792ABF7239C163000CC00A5 /* Build configuration list for PBXNativeTarget "SafeApp" */;
			buildPhases = (
				B792ABC9239C162D00CC00A5 /* Sources */,
				B792ABCA239C162D00CC00A5 /* Frameworks */,
				B792ABCB239C162D00CC00A5 /* Resources */,
			);
			buildRules = (
			);
			dependencies = (
			);
			name = SafeApp;
			productName = SafeApp;
			productReference = B792ABCD239C162D00CC00A5 /* SafeApp.app */;
			productType = "com.apple.product-type.application";
		};
		B792ABE2239C163000CC00A5 /* SafeAppTests */ = {
			isa = PBXNativeTarget;
			buildConfigurationList = B792ABFA239C163000CC00A5 /* Build configuration list for PBXNativeTarget "SafeAppTests" */;
			buildPhases = (
				B792ABDF239C163000CC00A5 /* Sources */,
				B792ABE0239C163000CC00A5 /* Frameworks */,
				B792ABE1239C163000CC00A5 /* Resources */,
			);
			buildRules = (
			);
			dependencies = (
				B792ABE5239C163000CC00A5 /* PBXTargetDependency */,
			);
			name = SafeAppTests;
			productName = SafeAppTests;
			productReference = B792ABE3239C163000CC00A5 /* SafeAppTests.xctest */;
			productType = "com.apple.product-type.bundle.unit-test";
		};
		B792ABED239C163000CC00A5 /* SafeAppUITests */ = {
			isa = PBXNativeTarget;
			buildConfigurationList = B792ABFD239C163000CC00A5 /* Build configuration list for PBXNativeTarget "SafeAppUITests" */;
			buildPhases = (
				B792ABEA239C163000CC00A5 /* Sources */,
				B792ABEB239C163000CC00A5 /* Frameworks */,
				B792ABEC239C163000CC00A5 /* Resources */,
			);
			buildRules = (
			);
			dependencies = (
				B792ABF0239C163000CC00A5 /* PBXTargetDependency */,
			);
			name = SafeAppUITests;
			productName = SafeAppUITests;
			productReference = B792ABEE239C163000CC00A5 /* SafeAppUITests.xctest */;
			productType = "com.apple.product-type.bundle.ui-testing";
		};
/* End PBXNativeTarget section */

/* Begin PBXProject section */
		B792ABC5239C162C00CC00A5 /* Project object */ = {
			isa = PBXProject;
			attributes = {
				LastSwiftUpdateCheck = 1120;
				LastUpgradeCheck = 1120;
				ORGANIZATIONNAME = "Samantha Puterman";
				TargetAttributes = {
					B792ABCC239C162D00CC00A5 = {
						CreatedOnToolsVersion = 11.2.1;
					};
					B792ABE2239C163000CC00A5 = {
						CreatedOnToolsVersion = 11.2.1;
						TestTargetID = B792ABCC239C162D00CC00A5;
					};
					B792ABED239C163000CC00A5 = {
						CreatedOnToolsVersion = 11.2.1;
						TestTargetID = B792ABCC239C162D00CC00A5;
					};
				};
			};
			buildConfigurationList = B792ABC8239C162C00CC00A5 /* Build configuration list for PBXProject "SafeApp" */;
			compatibilityVersion = "Xcode 9.3";
			developmentRegion = en;
			hasScannedForEncodings = 0;
			knownRegions = (
				en,
				Base,
			);
			mainGroup = B792ABC4239C162C00CC00A5;
			productRefGroup = B792ABCE239C162D00CC00A5 /* Products */;
			projectDirPath = "";
			projectRoot = "";
			targets = (
				B792ABCC239C162D00CC00A5 /* SafeApp */,
				B792ABE2239C163000CC00A5 /* SafeAppTests */,
				B792ABED239C163000CC00A5 /* SafeAppUITests */,
			);
		};
/* End PBXProject section */

/* Begin PBXResourcesBuildPhase section */
		B792ABCB239C162D00CC00A5 /* Resources */ = {
			isa = PBXResourcesBuildPhase;
			buildActionMask = 2147483647;
			files = (
				B792ABDD239C162F00CC00A5 /* LaunchScreen.storyboard in Resources */,
				B792ABDA239C162F00CC00A5 /* Preview Assets.xcassets in Resources */,
				B792ABD7239C162F00CC00A5 /* Assets.xcassets in Resources */,
			);
			runOnlyForDeploymentPostprocessing = 0;
		};
		B792ABE1239C163000CC00A5 /* Resources */ = {
			isa = PBXResourcesBuildPhase;
			buildActionMask = 2147483647;
			files = (
			);
			runOnlyForDeploymentPostprocessing = 0;
		};
		B792ABEC239C163000CC00A5 /* Resources */ = {
			isa = PBXResourcesBuildPhase;
			buildActionMask = 2147483647;
			files = (
			);
			runOnlyForDeploymentPostprocessing = 0;
		};
/* End PBXResourcesBuildPhase section */

/* Begin PBXSourcesBuildPhase section */
		B792ABC9239C162D00CC00A5 /* Sources */ = {
			isa = PBXSourcesBuildPhase;
			buildActionMask = 2147483647;
			files = (
				B792ABD1239C162D00CC00A5 /* AppDelegate.swift in Sources */,
				B792ABD3239C162D00CC00A5 /* SceneDelegate.swift in Sources */,
				B792ABD5239C162D00CC00A5 /* ContentView.swift in Sources */,
			);
			runOnlyForDeploymentPostprocessing = 0;
		};
		B792ABDF239C163000CC00A5 /* Sources */ = {
			isa = PBXSourcesBuildPhase;
			buildActionMask = 2147483647;
			files = (
				B792ABE8239C163000CC00A5 /* SafeAppTests.swift in Sources */,
			);
			runOnlyForDeploymentPostprocessing = 0;
		};
		B792ABEA239C163000CC00A5 /* Sources */ = {
			isa = PBXSourcesBuildPhase;
			buildActionMask = 2147483647;
			files = (
				B792ABF3239C163000CC00A5 /* SafeAppUITests.swift in Sources */,
			);
			runOnlyForDeploymentPostprocessing = 0;
		};
/* End PBXSourcesBuildPhase section */

/* Begin PBXTargetDependency section */
		B792ABE5239C163000CC00A5 /* PBXTargetDependency */ = {
			isa = PBXTargetDependency;
			target = B792ABCC239C162D00CC00A5 /* SafeApp */;
			targetProxy = B792ABE4239C163000CC00A5 /* PBXContainerItemProxy */;
		};
		B792ABF0239C163000CC00A5 /* PBXTargetDependency */ = {
			isa = PBXTargetDependency;
			target = B792ABCC239C162D00CC00A5 /* SafeApp */;
			targetProxy = B792ABEF239C163000CC00A5 /* PBXContainerItemProxy */;
		};
/* End PBXTargetDependency section */

/* Begin PBXVariantGroup section */
		B792ABDB239C162F00CC00A5 /* LaunchScreen.storyboard */ = {
			isa = PBXVariantGroup;
			children = (
				B792ABDC239C162F00CC00A5 /* Base */,
			);
			name = LaunchScreen.storyboard;
			sourceTree = "<group>";
		};
/* End PBXVariantGroup section */

/* Begin XCBuildConfiguration section */
		B792ABF5239C163000CC00A5 /* Debug */ = {
			isa = XCBuildConfiguration;
			buildSettings = {
				ALWAYS_SEARCH_USER_PATHS = NO;
				CLANG_ANALYZER_NONNULL = YES;
				CLANG_ANALYZER_NUMBER_OBJECT_CONVERSION = YES_AGGRESSIVE;
				CLANG_CXX_LANGUAGE_STANDARD = "gnu++14";
				CLANG_CXX_LIBRARY = "libc++";
				CLANG_ENABLE_MODULES = YES;
				CLANG_ENABLE_OBJC_ARC = YES;
				CLANG_ENABLE_OBJC_WEAK = YES;
				CLANG_WARN_BLOCK_CAPTURE_AUTORELEASING = YES;
				CLANG_WARN_BOOL_CONVERSION = YES;
				CLANG_WARN_COMMA = YES;
				CLANG_WARN_CONSTANT_CONVERSION = YES;
				CLANG_WARN_DEPRECATED_OBJC_IMPLEMENTATIONS = YES;
				CLANG_WARN_DIRECT_OBJC_ISA_USAGE = YES_ERROR;
				CLANG_WARN_DOCUMENTATION_COMMENTS = YES;
				CLANG_WARN_EMPTY_BODY = YES;
				CLANG_WARN_ENUM_CONVERSION = YES;
				CLANG_WARN_INFINITE_RECURSION = YES;
				CLANG_WARN_INT_CONVERSION = YES;
				CLANG_WARN_NON_LITERAL_NULL_CONVERSION = YES;
				CLANG_WARN_OBJC_IMPLICIT_RETAIN_SELF = YES;
				CLANG_WARN_OBJC_LITERAL_CONVERSION = YES;
				CLANG_WARN_OBJC_ROOT_CLASS = YES_ERROR;
				CLANG_WARN_RANGE_LOOP_ANALYSIS = YES;
				CLANG_WARN_STRICT_PROTOTYPES = YES;
				CLANG_WARN_SUSPICIOUS_MOVE = YES;
				CLANG_WARN_UNGUARDED_AVAILABILITY = YES_AGGRESSIVE;
				CLANG_WARN_UNREACHABLE_CODE = YES;
				CLANG_WARN__DUPLICATE_METHOD_MATCH = YES;
				COPY_PHASE_STRIP = NO;
				DEBUG_INFORMATION_FORMAT = dwarf;
				ENABLE_STRICT_OBJC_MSGSEND = YES;
				ENABLE_TESTABILITY = YES;
				GCC_C_LANGUAGE_STANDARD = gnu11;
				GCC_DYNAMIC_NO_PIC = NO;
				GCC_NO_COMMON_BLOCKS = YES;
				GCC_OPTIMIZATION_LEVEL = 0;
				GCC_PREPROCESSOR_DEFINITIONS = (
					"DEBUG=1",
					"$(inherited)",
				);
				GCC_WARN_64_TO_32_BIT_CONVERSION = YES;
				GCC_WARN_ABOUT_RETURN_TYPE = YES_ERROR;
				GCC_WARN_UNDECLARED_SELECTOR = YES;
				GCC_WARN_UNINITIALIZED_AUTOS = YES_AGGRESSIVE;
				GCC_WARN_UNUSED_FUNCTION = YES;
				GCC_WARN_UNUSED_VARIABLE = YES;
				IPHONEOS_DEPLOYMENT_TARGET = 13.2;
				MTL_ENABLE_DEBUG_INFO = INCLUDE_SOURCE;
				MTL_FAST_MATH = YES;
				ONLY_ACTIVE_ARCH = YES;
				SDKROOT = iphoneos;
				SWIFT_ACTIVE_COMPILATION_CONDITIONS = DEBUG;
				SWIFT_OPTIMIZATION_LEVEL = "-Onone";
			};
			name = Debug;
		};
		B792ABF6239C163000CC00A5 /* Release */ = {
			isa = XCBuildConfiguration;
			buildSettings = {
				ALWAYS_SEARCH_USER_PATHS = NO;
				CLANG_ANALYZER_NONNULL = YES;
				CLANG_ANALYZER_NUMBER_OBJECT_CONVERSION = YES_AGGRESSIVE;
				CLANG_CXX_LANGUAGE_STANDARD = "gnu++14";
				CLANG_CXX_LIBRARY = "libc++";
				CLANG_ENABLE_MODULES = YES;
				CLANG_ENABLE_OBJC_ARC = YES;
				CLANG_ENABLE_OBJC_WEAK = YES;
				CLANG_WARN_BLOCK_CAPTURE_AUTORELEASING = YES;
				CLANG_WARN_BOOL_CONVERSION = YES;
				CLANG_WARN_COMMA = YES;
				CLANG_WARN_CONSTANT_CONVERSION = YES;
				CLANG_WARN_DEPRECATED_OBJC_IMPLEMENTATIONS = YES;
				CLANG_WARN_DIRECT_OBJC_ISA_USAGE = YES_ERROR;
				CLANG_WARN_DOCUMENTATION_COMMENTS = YES;
				CLANG_WARN_EMPTY_BODY = YES;
				CLANG_WARN_ENUM_CONVERSION = YES;
				CLANG_WARN_INFINITE_RECURSION = YES;
				CLANG_WARN_INT_CONVERSION = YES;
				CLANG_WARN_NON_LITERAL_NULL_CONVERSION = YES;
				CLANG_WARN_OBJC_IMPLICIT_RETAIN_SELF = YES;
				CLANG_WARN_OBJC_LITERAL_CONVERSION = YES;
				CLANG_WARN_OBJC_ROOT_CLASS = YES_ERROR;
				CLANG_WARN_RANGE_LOOP_ANALYSIS = YES;
				CLANG_WARN_STRICT_PROTOTYPES = YES;
				CLANG_WARN_SUSPICIOUS_MOVE = YES;
				CLANG_WARN_UNGUARDED_AVAILABILITY = YES_AGGRESSIVE;
				CLANG_WARN_UNREACHABLE_CODE = YES;
				CLANG_WARN__DUPLICATE_METHOD_MATCH = YES;
				COPY_PHASE_STRIP = NO;
				DEBUG_INFORMATION_FORMAT = "dwarf-with-dsym";
				ENABLE_NS_ASSERTIONS = NO;
				ENABLE_STRICT_OBJC_MSGSEND = YES;
				GCC_C_LANGUAGE_STANDARD = gnu11;
				GCC_NO_COMMON_BLOCKS = YES;
				GCC_WARN_64_TO_32_BIT_CONVERSION = YES;
				GCC_WARN_ABOUT_RETURN_TYPE = YES_ERROR;
				GCC_WARN_UNDECLARED_SELECTOR = YES;
				GCC_WARN_UNINITIALIZED_AUTOS = YES_AGGRESSIVE;
				GCC_WARN_UNUSED_FUNCTION = YES;
				GCC_WARN_UNUSED_VARIABLE = YES;
				IPHONEOS_DEPLOYMENT_TARGET = 13.2;
				MTL_ENABLE_DEBUG_INFO = NO;
				MTL_FAST_MATH = YES;
				SDKROOT = iphoneos;
				SWIFT_COMPILATION_MODE = wholemodule;
				SWIFT_OPTIMIZATION_LEVEL = "-O";
				VALIDATE_PRODUCT = YES;
			};
			name = Release;
		};
		B792ABF8239C163000CC00A5 /* Debug */ = {
			isa = XCBuildConfiguration;
			buildSettings = {
				ASSETCATALOG_COMPILER_APPICON_NAME = AppIcon;
				CODE_SIGN_STYLE = Automatic;
				DEVELOPMENT_ASSET_PATHS = "\"SafeApp/Preview Content\"";
				DEVELOPMENT_TEAM = 4W5JGR47Q6;
				ENABLE_PREVIEWS = YES;
				INFOPLIST_FILE = SafeApp/Info.plist;
				LD_RUNPATH_SEARCH_PATHS = (
					"$(inherited)",
					"@executable_path/Frameworks",
				);
				PRODUCT_BUNDLE_IDENTIFIER = ENGEC327.SafeApp;
				PRODUCT_NAME = "$(TARGET_NAME)";
				SWIFT_VERSION = 5.0;
				TARGETED_DEVICE_FAMILY = "1,2";
			};
			name = Debug;
		};
		B792ABF9239C163000CC00A5 /* Release */ = {
			isa = XCBuildConfiguration;
			buildSettings = {
				ASSETCATALOG_COMPILER_APPICON_NAME = AppIcon;
				CODE_SIGN_STYLE = Automatic;
				DEVELOPMENT_ASSET_PATHS = "\"SafeApp/Preview Content\"";
				DEVELOPMENT_TEAM = 4W5JGR47Q6;
				ENABLE_PREVIEWS = YES;
				INFOPLIST_FILE = SafeApp/Info.plist;
				LD_RUNPATH_SEARCH_PATHS = (
					"$(inherited)",
					"@executable_path/Frameworks",
				);
				PRODUCT_BUNDLE_IDENTIFIER = ENGEC327.SafeApp;
				PRODUCT_NAME = "$(TARGET_NAME)";
				SWIFT_VERSION = 5.0;
				TARGETED_DEVICE_FAMILY = "1,2";
			};
			name = Release;
		};
		B792ABFB239C163000CC00A5 /* Debug */ = {
			isa = XCBuildConfiguration;
			buildSettings = {
				ALWAYS_EMBED_SWIFT_STANDARD_LIBRARIES = YES;
				BUNDLE_LOADER = "$(TEST_HOST)";
				CODE_SIGN_STYLE = Automatic;
				DEVELOPMENT_TEAM = 4W5JGR47Q6;
				INFOPLIST_FILE = SafeAppTests/Info.plist;
				IPHONEOS_DEPLOYMENT_TARGET = 13.2;
				LD_RUNPATH_SEARCH_PATHS = (
					"$(inherited)",
					"@executable_path/Frameworks",
					"@loader_path/Frameworks",
				);
				PRODUCT_BUNDLE_IDENTIFIER = ENGEC327.SafeAppTests;
				PRODUCT_NAME = "$(TARGET_NAME)";
				SWIFT_VERSION = 5.0;
				TARGETED_DEVICE_FAMILY = "1,2";
				TEST_HOST = "$(BUILT_PRODUCTS_DIR)/SafeApp.app/SafeApp";
			};
			name = Debug;
		};
		B792ABFC239C163000CC00A5 /* Release */ = {
			isa = XCBuildConfiguration;
			buildSettings = {
				ALWAYS_EMBED_SWIFT_STANDARD_LIBRARIES = YES;
				BUNDLE_LOADER = "$(TEST_HOST)";
				CODE_SIGN_STYLE = Automatic;
				DEVELOPMENT_TEAM = 4W5JGR47Q6;
				INFOPLIST_FILE = SafeAppTests/Info.plist;
				IPHONEOS_DEPLOYMENT_TARGET = 13.2;
				LD_RUNPATH_SEARCH_PATHS = (
					"$(inherited)",
					"@executable_path/Frameworks",
					"@loader_path/Frameworks",
				);
				PRODUCT_BUNDLE_IDENTIFIER = ENGEC327.SafeAppTests;
				PRODUCT_NAME = "$(TARGET_NAME)";
				SWIFT_VERSION = 5.0;
				TARGETED_DEVICE_FAMILY = "1,2";
				TEST_HOST = "$(BUILT_PRODUCTS_DIR)/SafeApp.app/SafeApp";
			};
			name = Release;
		};
		B792ABFE239C163000CC00A5 /* Debug */ = {
			isa = XCBuildConfiguration;
			buildSettings = {
				ALWAYS_EMBED_SWIFT_STANDARD_LIBRARIES = YES;
				CODE_SIGN_STYLE = Automatic;
				DEVELOPMENT_TEAM = 4W5JGR47Q6;
				INFOPLIST_FILE = SafeAppUITests/Info.plist;
				LD_RUNPATH_SEARCH_PATHS = (
					"$(inherited)",
					"@executable_path/Frameworks",
					"@loader_path/Frameworks",
				);
				PRODUCT_BUNDLE_IDENTIFIER = ENGEC327.SafeAppUITests;
				PRODUCT_NAME = "$(TARGET_NAME)";
				SWIFT_VERSION = 5.0;
				TARGETED_DEVICE_FAMILY = "1,2";
				TEST_TARGET_NAME = SafeApp;
			};
			name = Debug;
		};
		B792ABFF239C163000CC00A5 /* Release */ = {
			isa = XCBuildConfiguration;
			buildSettings = {
				ALWAYS_EMBED_SWIFT_STANDARD_LIBRARIES = YES;
				CODE_SIGN_STYLE = Automatic;
				DEVELOPMENT_TEAM = 4W5JGR47Q6;
				INFOPLIST_FILE = SafeAppUITests/Info.plist;
				LD_RUNPATH_SEARCH_PATHS = (
					"$(inherited)",
					"@executable_path/Frameworks",
					"@loader_path/Frameworks",
				);
				PRODUCT_BUNDLE_IDENTIFIER = ENGEC327.SafeAppUITests;
				PRODUCT_NAME = "$(TARGET_NAME)";
				SWIFT_VERSION = 5.0;
				TARGETED_DEVICE_FAMILY = "1,2";
				TEST_TARGET_NAME = SafeApp;
			};
			name = Release;
		};
/* End XCBuildConfiguration section */

/* Begin XCConfigurationList section */
		B792ABC8239C162C00CC00A5 /* Build configuration list for PBXProject "SafeApp" */ = {
			isa = XCConfigurationList;
			buildConfigurations = (
				B792ABF5239C163000CC00A5 /* Debug */,
				B792ABF6239C163000CC00A5 /* Release */,
			);
			defaultConfigurationIsVisible = 0;
			defaultConfigurationName = Release;
		};
		B792ABF7239C163000CC00A5 /* Build configuration list for PBXNativeTarget "SafeApp" */ = {
			isa = XCConfigurationList;
			buildConfigurations = (
				B792ABF8239C163000CC00A5 /* Debug */,
				B792ABF9239C163000CC00A5 /* Release */,
			);
			defaultConfigurationIsVisible = 0;
			defaultConfigurationName = Release;
		};
		B792ABFA239C163000CC00A5 /* Build configuration list for PBXNativeTarget "SafeAppTests" */ = {
			isa = XCConfigurationList;
			buildConfigurations = (
				B792ABFB239C163000CC00A5 /* Debug */,
				B792ABFC239C163000CC00A5 /* Release */,
			);
			defaultConfigurationIsVisible = 0;
			defaultConfigurationName = Release;
		};
		B792ABFD239C163000CC00A5 /* Build configuration list for PBXNativeTarget "SafeAppUITests" */ = {
			isa = XCConfigurationList;
			buildConfigurations = (
				B792ABFE239C163000CC00A5 /* Debug */,
				B792ABFF239C163000CC00A5 /* Release */,
			);
			defaultConfigurationIsVisible = 0;
			defaultConfigurationName = Release;
		};
/* End XCConfigurationList section */
	};
	rootObject = B792ABC5239C162C00CC00A5 /* Project object */;
}
